
Microsoft Visual Studio Solution File, Format Version 12.00
# Visual Studio Version 17
VisualStudioVersion = 17.4.33403.182
MinimumVisualStudioVersion = 10.0.40219.1
Project("{FAE04EC0-301F-11D3-BF4B-00C04F79EFBC}") = "ControlEntrada", "ControlEntrada\ControlEntrada.csproj", "{2FC7038F-610A-4F71-86D6-D194E2C982BE}"
EndProject
Project("{FAE04EC0-301F-11D3-BF4B-00C04F79EFBC}") = "Datos", "Datos\Datos.csproj", "{844E01D0-0F02-4120-B60D-1F8AF3763686}"
EndProject
Project("{FAE04EC0-301F-11D3-BF4B-00C04F79EFBC}") = "Logica", "Logica\Logica.csproj", "{143E3177-FA4A-4037-860C-3AB559966078}"
EndProject
Global
	GlobalSection(SolutionConfigurationPlatforms) = preSolution
		Debug|Any CPU = Debug|Any CPU
		Release|Any CPU = Release|Any CPU
	EndGlobalSection
	GlobalSection(ProjectConfigurationPlatforms) = postSolution
		{2FC7038F-610A-4F71-86D6-D194E2C982BE}.Debug|Any CPU.ActiveCfg = Debug|Any CPU
		{2FC7038F-610A-4F71-86D6-D194E2C982BE}.Debug|Any CPU.Build.0 = Debug|Any CPU
		{2FC7038F-610A-4F71-86D6-D194E2C982BE}.Release|Any CPU.ActiveCfg = Release|Any CPU
		{2FC7038F-610A-4F71-86D6-D194E2C982BE}.Release|Any CPU.Build.0 = Release|Any CPU
		{844E01D0-0F02-4120-B60D-1F8AF3763686}.Debug|Any CPU.ActiveCfg = Debug|Any CPU
		{844E01D0-0F02-4120-B60D-1F8AF3763686}.Debug|Any CPU.Build.0 = Debug|Any CPU
		{844E01D0-0F02-4120-B60D-1F8AF3763686}.Release|Any CPU.ActiveCfg = Release|Any CPU
		{844E01D0-0F02-4120-B60D-1F8AF3763686}.Release|Any CPU.Build.0 = Release|Any CPU
		{143E3177-FA4A-4037-860C-3AB559966078}.Debug|Any CPU.ActiveCfg = Debug|Any CPU
		{143E3177-FA4A-4037-860C-3AB559966078}.Debug|Any CPU.Build.0 = Debug|Any CPU
		{143E3177-FA4A-4037-860C-3AB559966078}.Release|Any CPU.ActiveCfg = Release|Any CPU
		{143E3177-FA4A-4037-860C-3AB559966078}.Release|Any CPU.Build.0 = Release|Any CPU
	EndGlobalSection
	GlobalSection(SolutionProperties) = preSolution
		HideSolutionNode = FALSE
	EndGlobalSection
	GlobalSection(ExtensibilityGlobals) = postSolution
		SolutionGuid = {F0F6C4A5-3775-4477-B453-1C4DF6BF846D}
	EndGlobalSection
EndGlobal
